
Microsoft Visual Studio Solution File, Format Version 12.00
# Visual Studio Version 17
VisualStudioVersion = 17.13.35931.197 d17.13
MinimumVisualStudioVersion = 10.0.40219.1
Project("{FAE04EC0-301F-11D3-BF4B-00C04F79EFBC}") = "Projeto1", "Projeto1\Projeto1.csproj", "{B56DE902-6E09-4DB1-9F7E-012AE8C40727}"
EndProject
Global
	GlobalSection(SolutionConfigurationPlatforms) = preSolution
		Debug|Any CPU = Debug|Any CPU
		Release|Any CPU = Release|Any CPU
	EndGlobalSection
	GlobalSection(ProjectConfigurationPlatforms) = postSolution
		{B56DE902-6E09-4DB1-9F7E-012AE8C40727}.Debug|Any CPU.ActiveCfg = Debug|Any CPU
		{B56DE902-6E09-4DB1-9F7E-012AE8C40727}.Debug|Any CPU.Build.0 = Debug|Any CPU
		{B56DE902-6E09-4DB1-9F7E-012AE8C40727}.Release|Any CPU.ActiveCfg = Release|Any CPU
		{B56DE902-6E09-4DB1-9F7E-012AE8C40727}.Release|Any CPU.Build.0 = Release|Any CPU
	EndGlobalSection
	GlobalSection(SolutionProperties) = preSolution
		HideSolutionNode = FALSE
	EndGlobalSection
	GlobalSection(ExtensibilityGlobals) = postSolution
		SolutionGuid = {EC22F445-8E7A-40D5-801A-941EBA2A49EE}
	EndGlobalSection
EndGlobal
